// !$*UTF8*$!
{
	archiveVersion = 1;
	classes = {
	};
	objectVersion = 56;
	objects = {

/* Begin PBXBuildFile section */
		3F4F24C12AB4E9D400F7ED96 /* project_eportApp.swift in Sources */ = {isa = PBXBuildFile; fileRef = 3F4F24C02AB4E9D400F7ED96 /* project_eportApp.swift */; };
		3F4F24C32AB4E9D400F7ED96 /* timeView.swift in Sources */ = {isa = PBXBuildFile; fileRef = 3F4F24C22AB4E9D400F7ED96 /* timeView.swift */; };
		3F4F24C52AB4E9D500F7ED96 /* Assets.xcassets in Resources */ = {isa = PBXBuildFile; fileRef = 3F4F24C42AB4E9D500F7ED96 /* Assets.xcassets */; };
		3F4F24C82AB4E9D500F7ED96 /* Preview Assets.xcassets in Resources */ = {isa = PBXBuildFile; fileRef = 3F4F24C72AB4E9D500F7ED96 /* Preview Assets.xcassets */; };
		3FA0EAF52ABE07ED009B851A /* casaView.swift in Sources */ = {isa = PBXBuildFile; fileRef = 3FA0EAF42ABE07ED009B851A /* casaView.swift */; };
		3FA0EAF72ABE0849009B851A /* trofeuView.swift in Sources */ = {isa = PBXBuildFile; fileRef = 3FA0EAF62ABE0849009B851A /* trofeuView.swift */; };
		3FA0EAF92ABE0874009B851A /* jogoView.swift in Sources */ = {isa = PBXBuildFile; fileRef = 3FA0EAF82ABE0874009B851A /* jogoView.swift */; };
		3FA0EAFB2ABE08B9009B851A /* jogadorView.swift in Sources */ = {isa = PBXBuildFile; fileRef = 3FA0EAFA2ABE08B9009B851A /* jogadorView.swift */; };
/* End PBXBuildFile section */

/* Begin PBXFileReference section */
		3F4F24BD2AB4E9D400F7ED96 /* project eport.app */ = {isa = PBXFileReference; explicitFileType = wrapper.application; includeInIndex = 0; path = "project eport.app"; sourceTree = BUILT_PRODUCTS_DIR; };
		3F4F24C02AB4E9D400F7ED96 /* project_eportApp.swift */ = {isa = PBXFileReference; lastKnownFileType = sourcecode.swift; path = project_eportApp.swift; sourceTree = "<group>"; };
		3F4F24C22AB4E9D400F7ED96 /* timeView.swift */ = {isa = PBXFileReference; lastKnownFileType = sourcecode.swift; path = timeView.swift; sourceTree = "<group>"; };
		3F4F24C42AB4E9D500F7ED96 /* Assets.xcassets */ = {isa = PBXFileReference; lastKnownFileType = folder.assetcatalog; path = Assets.xcassets; sourceTree = "<group>"; };
		3F4F24C72AB4E9D500F7ED96 /* Preview Assets.xcassets */ = {isa = PBXFileReference; lastKnownFileType = folder.assetcatalog; path = "Preview Assets.xcassets"; sourceTree = "<group>"; };
		3FA0EAF42ABE07ED009B851A /* casaView.swift */ = {isa = PBXFileReference; lastKnownFileType = sourcecode.swift; path = casaView.swift; sourceTree = "<group>"; };
		3FA0EAF62ABE0849009B851A /* trofeuView.swift */ = {isa = PBXFileReference; lastKnownFileType = sourcecode.swift; path = trofeuView.swift; sourceTree = "<group>"; };
		3FA0EAF82ABE0874009B851A /* jogoView.swift */ = {isa = PBXFileReference; lastKnownFileType = sourcecode.swift; path = jogoView.swift; sourceTree = "<group>"; };
		3FA0EAFA2ABE08B9009B851A /* jogadorView.swift */ = {isa = PBXFileReference; lastKnownFileType = sourcecode.swift; path = jogadorView.swift; sourceTree = "<group>"; };
/* End PBXFileReference section */

/* Begin PBXFrameworksBuildPhase section */
		3F4F24BA2AB4E9D400F7ED96 /* Frameworks */ = {
			isa = PBXFrameworksBuildPhase;
			buildActionMask = 2147483647;
			files = (
			);
			runOnlyForDeploymentPostprocessing = 0;
		};
/* End PBXFrameworksBuildPhase section */

/* Begin PBXGroup section */
		3F4F24B42AB4E9D400F7ED96 = {
			isa = PBXGroup;
			children = (
				3F4F24BF2AB4E9D400F7ED96 /* project eport */,
				3F4F24BE2AB4E9D400F7ED96 /* Products */,
			);
			sourceTree = "<group>";
		};
		3F4F24BE2AB4E9D400F7ED96 /* Products */ = {
			isa = PBXGroup;
			children = (
				3F4F24BD2AB4E9D400F7ED96 /* project eport.app */,
			);
			name = Products;
			sourceTree = "<group>";
		};
		3F4F24BF2AB4E9D400F7ED96 /* project eport */ = {
			isa = PBXGroup;
			children = (
				3F4F24C02AB4E9D400F7ED96 /* project_eportApp.swift */,
				3F4F24C22AB4E9D400F7ED96 /* timeView.swift */,
				3F4F24C42AB4E9D500F7ED96 /* Assets.xcassets */,
				3F4F24C62AB4E9D500F7ED96 /* Preview Content */,
				3FA0EAF42ABE07ED009B851A /* casaView.swift */,
				3FA0EAF62ABE0849009B851A /* trofeuView.swift */,
				3FA0EAF82ABE0874009B851A /* jogoView.swift */,
				3FA0EAFA2ABE08B9009B851A /* jogadorView.swift */,
			);
			path = "project eport";
			sourceTree = "<group>";
		};
		3F4F24C62AB4E9D500F7ED96 /* Preview Content */ = {
			isa = PBXGroup;
			children = (
				3F4F24C72AB4E9D500F7ED96 /* Preview Assets.xcassets */,
			);
			path = "Preview Content";
			sourceTree = "<group>";
		};
/* End PBXGroup section */

/* Begin PBXNativeTarget section */
		3F4F24BC2AB4E9D400F7ED96 /* project eport */ = {
			isa = PBXNativeTarget;
			buildConfigurationList = 3F4F24CB2AB4E9D500F7ED96 /* Build configuration list for PBXNativeTarget "project eport" */;
			buildPhases = (
				3F4F24B92AB4E9D400F7ED96 /* Sources */,
				3F4F24BA2AB4E9D400F7ED96 /* Frameworks */,
				3F4F24BB2AB4E9D400F7ED96 /* Resources */,
			);
			buildRules = (
			);
			dependencies = (
			);
			name = "project eport";
			productName = "project eport";
			productReference = 3F4F24BD2AB4E9D400F7ED96 /* project eport.app */;
			productType = "com.apple.product-type.application";
		};
/* End PBXNativeTarget section */

/* Begin PBXProject section */
		3F4F24B52AB4E9D400F7ED96 /* Project object */ = {
			isa = PBXProject;
			attributes = {
				BuildIndependentTargetsInParallel = 1;
				LastSwiftUpdateCheck = 1420;
				LastUpgradeCheck = 1420;
				TargetAttributes = {
					3F4F24BC2AB4E9D400F7ED96 = {
						CreatedOnToolsVersion = 14.2;
					};
				};
			};
			buildConfigurationList = 3F4F24B82AB4E9D400F7ED96 /* Build configuration list for PBXProject "project eport" */;
			compatibilityVersion = "Xcode 14.0";
			developmentRegion = en;
			hasScannedForEncodings = 0;
			knownRegions = (
				en,
				Base,
			);
			mainGroup = 3F4F24B42AB4E9D400F7ED96;
			productRefGroup = 3F4F24BE2AB4E9D400F7ED96 /* Products */;
			projectDirPath = "";
			projectRoot = "";
			targets = (
				3F4F24BC2AB4E9D400F7ED96 /* project eport */,
			);
		};
/* End PBXProject section */

/* Begin PBXResourcesBuildPhase section */
		3F4F24BB2AB4E9D400F7ED96 /* Resources */ = {
			isa = PBXResourcesBuildPhase;
			buildActionMask = 2147483647;
			files = (
				3F4F24C82AB4E9D500F7ED96 /* Preview Assets.xcassets in Resources */,
				3F4F24C52AB4E9D500F7ED96 /* Assets.xcassets in Resources */,
			);
			runOnlyForDeploymentPostprocessing = 0;
		};
/* End PBXResourcesBuildPhase section */

/* Begin PBXSourcesBuildPhase section */
		3F4F24B92AB4E9D400F7ED96 /* Sources */ = {
			isa = PBXSourcesBuildPhase;
			buildActionMask = 2147483647;
			files = (
				3FA0EAF92ABE0874009B851A /* jogoView.swift in Sources */,
				3F4F24C32AB4E9D400F7ED96 /* timeView.swift in Sources */,
				3F4F24C12AB4E9D400F7ED96 /* project_eportApp.swift in Sources */,
				3FA0EAFB2ABE08B9009B851A /* jogadorView.swift in Sources */,
				3FA0EAF52ABE07ED009B851A /* casaView.swift in Sources */,
				3FA0EAF72ABE0849009B851A /* trofeuView.swift in Sources */,
			);
			runOnlyForDeploymentPostprocessing = 0;
		};
/* End PBXSourcesBuildPhase section */

/* Begin XCBuildConfiguration section */
		3F4F24C92AB4E9D500F7ED96 /* Debug */ = {
			isa = XCBuildConfiguration;
			buildSettings = {
				ALWAYS_SEARCH_USER_PATHS = NO;
				CLANG_ANALYZER_NONNULL = YES;
				CLANG_ANALYZER_NUMBER_OBJECT_CONVERSION = YES_AGGRESSIVE;
				CLANG_CXX_LANGUAGE_STANDARD = "gnu++20";
				CLANG_ENABLE_MODULES = YES;
				CLANG_ENABLE_OBJC_ARC = YES;
				CLANG_ENABLE_OBJC_WEAK = YES;
				CLANG_WARN_BLOCK_CAPTURE_AUTORELEASING = YES;
				CLANG_WARN_BOOL_CONVERSION = YES;
				CLANG_WARN_COMMA = YES;
				CLANG_WARN_CONSTANT_CONVERSION = YES;
				CLANG_WARN_DEPRECATED_OBJC_IMPLEMENTATIONS = YES;
				CLANG_WARN_DIRECT_OBJC_ISA_USAGE = YES_ERROR;
				CLANG_WARN_DOCUMENTATION_COMMENTS = YES;
				CLANG_WARN_EMPTY_BODY = YES;
				CLANG_WARN_ENUM_CONVERSION = YES;
				CLANG_WARN_INFINITE_RECURSION = YES;
				CLANG_WARN_INT_CONVERSION = YES;
				CLANG_WARN_NON_LITERAL_NULL_CONVERSION = YES;
				CLANG_WARN_OBJC_IMPLICIT_RETAIN_SELF = YES;
				CLANG_WARN_OBJC_LITERAL_CONVERSION = YES;
				CLANG_WARN_OBJC_ROOT_CLASS = YES_ERROR;
				CLANG_WARN_QUOTED_INCLUDE_IN_FRAMEWORK_HEADER = YES;
				CLANG_WARN_RANGE_LOOP_ANALYSIS = YES;
				CLANG_WARN_STRICT_PROTOTYPES = YES;
				CLANG_WARN_SUSPICIOUS_MOVE = YES;
				CLANG_WARN_UNGUARDED_AVAILABILITY = YES_AGGRESSIVE;
				CLANG_WARN_UNREACHABLE_CODE = YES;
				CLANG_WARN__DUPLICATE_METHOD_MATCH = YES;
				COPY_PHASE_STRIP = NO;
				DEBUG_INFORMATION_FORMAT = dwarf;
				ENABLE_STRICT_OBJC_MSGSEND = YES;
				ENABLE_TESTABILITY = YES;
				GCC_C_LANGUAGE_STANDARD = gnu11;
				GCC_DYNAMIC_NO_PIC = NO;
				GCC_NO_COMMON_BLOCKS = YES;
				GCC_OPTIMIZATION_LEVEL = 0;
				GCC_PREPROCESSOR_DEFINITIONS = (
					"DEBUG=1",
					"$(inherited)",
				);
				GCC_WARN_64_TO_32_BIT_CONVERSION = YES;
				GCC_WARN_ABOUT_RETURN_TYPE = YES_ERROR;
				GCC_WARN_UNDECLARED_SELECTOR = YES;
				GCC_WARN_UNINITIALIZED_AUTOS = YES_AGGRESSIVE;
				GCC_WARN_UNUSED_FUNCTION = YES;
				GCC_WARN_UNUSED_VARIABLE = YES;
				IPHONEOS_DEPLOYMENT_TARGET = 16.2;
				MTL_ENABLE_DEBUG_INFO = INCLUDE_SOURCE;
				MTL_FAST_MATH = YES;
				ONLY_ACTIVE_ARCH = YES;
				SDKROOT = iphoneos;
				SWIFT_ACTIVE_COMPILATION_CONDITIONS = DEBUG;
				SWIFT_OPTIMIZATION_LEVEL = "-Onone";
			};
			name = Debug;
		};
		3F4F24CA2AB4E9D500F7ED96 /* Release */ = {
			isa = XCBuildConfiguration;
			buildSettings = {
				ALWAYS_SEARCH_USER_PATHS = NO;
				CLANG_ANALYZER_NONNULL = YES;
				CLANG_ANALYZER_NUMBER_OBJECT_CONVERSION = YES_AGGRESSIVE;
				CLANG_CXX_LANGUAGE_STANDARD = "gnu++20";
				CLANG_ENABLE_MODULES = YES;
				CLANG_ENABLE_OBJC_ARC = YES;
				CLANG_ENABLE_OBJC_WEAK = YES;
				CLANG_WARN_BLOCK_CAPTURE_AUTORELEASING = YES;
				CLANG_WARN_BOOL_CONVERSION = YES;
				CLANG_WARN_COMMA = YES;
				CLANG_WARN_CONSTANT_CONVERSION = YES;
				CLANG_WARN_DEPRECATED_OBJC_IMPLEMENTATIONS = YES;
				CLANG_WARN_DIRECT_OBJC_ISA_USAGE = YES_ERROR;
				CLANG_WARN_DOCUMENTATION_COMMENTS = YES;
				CLANG_WARN_EMPTY_BODY = YES;
				CLANG_WARN_ENUM_CONVERSION = YES;
				CLANG_WARN_INFINITE_RECURSION = YES;
				CLANG_WARN_INT_CONVERSION = YES;
				CLANG_WARN_NON_LITERAL_NULL_CONVERSION = YES;
				CLANG_WARN_OBJC_IMPLICIT_RETAIN_SELF = YES;
				CLANG_WARN_OBJC_LITERAL_CONVERSION = YES;
				CLANG_WARN_OBJC_ROOT_CLASS = YES_ERROR;
				CLANG_WARN_QUOTED_INCLUDE_IN_FRAMEWORK_HEADER = YES;
				CLANG_WARN_RANGE_LOOP_ANALYSIS = YES;
				CLANG_WARN_STRICT_PROTOTYPES = YES;
				CLANG_WARN_SUSPICIOUS_MOVE = YES;
				CLANG_WARN_UNGUARDED_AVAILABILITY = YES_AGGRESSIVE;
				CLANG_WARN_UNREACHABLE_CODE = YES;
				CLANG_WARN__DUPLICATE_METHOD_MATCH = YES;
				COPY_PHASE_STRIP = NO;
				DEBUG_INFORMATION_FORMAT = "dwarf-with-dsym";
				ENABLE_NS_ASSERTIONS = NO;
				ENABLE_STRICT_OBJC_MSGSEND = YES;
				GCC_C_LANGUAGE_STANDARD = gnu11;
				GCC_NO_COMMON_BLOCKS = YES;
				GCC_WARN_64_TO_32_BIT_CONVERSION = YES;
				GCC_WARN_ABOUT_RETURN_TYPE = YES_ERROR;
				GCC_WARN_UNDECLARED_SELECTOR = YES;
				GCC_WARN_UNINITIALIZED_AUTOS = YES_AGGRESSIVE;
				GCC_WARN_UNUSED_FUNCTION = YES;
				GCC_WARN_UNUSED_VARIABLE = YES;
				IPHONEOS_DEPLOYMENT_TARGET = 16.2;
				MTL_ENABLE_DEBUG_INFO = NO;
				MTL_FAST_MATH = YES;
				SDKROOT = iphoneos;
				SWIFT_COMPILATION_MODE = wholemodule;
				SWIFT_OPTIMIZATION_LEVEL = "-O";
				VALIDATE_PRODUCT = YES;
			};
			name = Release;
		};
		3F4F24CC2AB4E9D500F7ED96 /* Debug */ = {
			isa = XCBuildConfiguration;
			buildSettings = {
				ASSETCATALOG_COMPILER_APPICON_NAME = AppIcon;
				ASSETCATALOG_COMPILER_GLOBAL_ACCENT_COLOR_NAME = AccentColor;
				CODE_SIGN_STYLE = Automatic;
				CURRENT_PROJECT_VERSION = 1;
				DEVELOPMENT_ASSET_PATHS = "\"project eport/Preview Content\"";
				ENABLE_PREVIEWS = YES;
				GENERATE_INFOPLIST_FILE = YES;
				INFOPLIST_KEY_UIApplicationSceneManifest_Generation = YES;
				INFOPLIST_KEY_UIApplicationSupportsIndirectInputEvents = YES;
				INFOPLIST_KEY_UILaunchScreen_Generation = YES;
				INFOPLIST_KEY_UISupportedInterfaceOrientations_iPad = "UIInterfaceOrientationPortrait UIInterfaceOrientationPortraitUpsideDown UIInterfaceOrientationLandscapeLeft UIInterfaceOrientationLandscapeRight";
				INFOPLIST_KEY_UISupportedInterfaceOrientations_iPhone = "UIInterfaceOrientationPortrait UIInterfaceOrientationLandscapeLeft UIInterfaceOrientationLandscapeRight";
				LD_RUNPATH_SEARCH_PATHS = (
					"$(inherited)",
					"@executable_path/Frameworks",
				);
				MARKETING_VERSION = 1.0;
				PRODUCT_BUNDLE_IDENTIFIER = "com.br.hackatruck.uft.montaTime.project-eport";
				PRODUCT_NAME = "$(TARGET_NAME)";
				SWIFT_EMIT_LOC_STRINGS = YES;
				SWIFT_VERSION = 5.0;
				TARGETED_DEVICE_FAMILY = "1,2";
			};
			name = Debug;
		};
		3F4F24CD2AB4E9D500F7ED96 /* Release */ = {
			isa = XCBuildConfiguration;
			buildSettings = {
				ASSETCATALOG_COMPILER_APPICON_NAME = AppIcon;
				ASSETCATALOG_COMPILER_GLOBAL_ACCENT_COLOR_NAME = AccentColor;
				CODE_SIGN_STYLE = Automatic;
				CURRENT_PROJECT_VERSION = 1;
				DEVELOPMENT_ASSET_PATHS = "\"project eport/Preview Content\"";
				ENABLE_PREVIEWS = YES;
				GENERATE_INFOPLIST_FILE = YES;
				INFOPLIST_KEY_UIApplicationSceneManifest_Generation = YES;
				INFOPLIST_KEY_UIApplicationSupportsIndirectInputEvents = YES;
				INFOPLIST_KEY_UILaunchScreen_Generation = YES;
				INFOPLIST_KEY_UISupportedInterfaceOrientations_iPad = "UIInterfaceOrientationPortrait UIInterfaceOrientationPortraitUpsideDown UIInterfaceOrientationLandscapeLeft UIInterfaceOrientationLandscapeRight";
				INFOPLIST_KEY_UISupportedInterfaceOrientations_iPhone = "UIInterfaceOrientationPortrait UIInterfaceOrientationLandscapeLeft UIInterfaceOrientationLandscapeRight";
				LD_RUNPATH_SEARCH_PATHS = (
					"$(inherited)",
					"@executable_path/Frameworks",
				);
				MARKETING_VERSION = 1.0;
				PRODUCT_BUNDLE_IDENTIFIER = "com.br.hackatruck.uft.montaTime.project-eport";
				PRODUCT_NAME = "$(TARGET_NAME)";
				SWIFT_EMIT_LOC_STRINGS = YES;
				SWIFT_VERSION = 5.0;
				TARGETED_DEVICE_FAMILY = "1,2";
			};
			name = Release;
		};
/* End XCBuildConfiguration section */

/* Begin XCConfigurationList section */
		3F4F24B82AB4E9D400F7ED96 /* Build configuration list for PBXProject "project eport" */ = {
			isa = XCConfigurationList;
			buildConfigurations = (
				3F4F24C92AB4E9D500F7ED96 /* Debug */,
				3F4F24CA2AB4E9D500F7ED96 /* Release */,
			);
			defaultConfigurationIsVisible = 0;
			defaultConfigurationName = Release;
		};
		3F4F24CB2AB4E9D500F7ED96 /* Build configuration list for PBXNativeTarget "project eport" */ = {
			isa = XCConfigurationList;
			buildConfigurations = (
				3F4F24CC2AB4E9D500F7ED96 /* Debug */,
				3F4F24CD2AB4E9D500F7ED96 /* Release */,
			);
			defaultConfigurationIsVisible = 0;
			defaultConfigurationName = Release;
		};
/* End XCConfigurationList section */
	};
	rootObject = 3F4F24B52AB4E9D400F7ED96 /* Project object */;
}
